// !$*UTF8*$!
{
	archiveVersion = 1;
	classes = {
	};
	objectVersion = 56;
	objects = {

/* Begin PBXBuildFile section */
		470CFA93293E8BE500B2E388 /* ContentView.swift in Sources */ = {isa = PBXBuildFile; fileRef = 470CFA92293E8BE500B2E388 /* ContentView.swift */; };
		470CFA95293E91A900B2E388 /* AgeView.swift in Sources */ = {isa = PBXBuildFile; fileRef = 470CFA94293E91A900B2E388 /* AgeView.swift */; };
		470CFA97293EB29F00B2E388 /* UsernameView.swift in Sources */ = {isa = PBXBuildFile; fileRef = 470CFA96293EB29F00B2E388 /* UsernameView.swift */; };
		4739A3BE293F02FC00284A7A /* ChooseProfileView.swift in Sources */ = {isa = PBXBuildFile; fileRef = 4739A3BD293F02FC00284A7A /* ChooseProfileView.swift */; };
		4739A3C1293F05C300284A7A /* SceneDelegate.swift in Sources */ = {isa = PBXBuildFile; fileRef = 4739A3C0293F05C300284A7A /* SceneDelegate.swift */; };
		4739A3C3293F05E800284A7A /* ShareActivityView.swift in Sources */ = {isa = PBXBuildFile; fileRef = 4739A3C2293F05E800284A7A /* ShareActivityView.swift */; };
		4739A3C5293F060500284A7A /* ImagePickerView.swift in Sources */ = {isa = PBXBuildFile; fileRef = 4739A3C4293F060500284A7A /* ImagePickerView.swift */; };
		4739A3C7293F063500284A7A /* ImageCropView.swift in Sources */ = {isa = PBXBuildFile; fileRef = 4739A3C6293F063500284A7A /* ImageCropView.swift */; };
		4739A3CA293F069400284A7A /* CropViewController in Frameworks */ = {isa = PBXBuildFile; productRef = 4739A3C9293F069400284A7A /* CropViewController */; };
		4739A3CC293F069400284A7A /* TOCropViewController in Frameworks */ = {isa = PBXBuildFile; productRef = 4739A3CB293F069400284A7A /* TOCropViewController */; };
		4739A3CE293F06A500284A7A /* EmailView.swift in Sources */ = {isa = PBXBuildFile; fileRef = 4739A3CD293F06A500284A7A /* EmailView.swift */; };
		4739A3D0293FC20900284A7A /* ChooseUniversityView.swift in Sources */ = {isa = PBXBuildFile; fileRef = 4739A3CF293FC20900284A7A /* ChooseUniversityView.swift */; };
		4749E859293DAAE100252E0A /* NameView.swift in Sources */ = {isa = PBXBuildFile; fileRef = 4749E858293DAAE100252E0A /* NameView.swift */; };
		47B0D2132936B31400FB6792 /* crewApp.swift in Sources */ = {isa = PBXBuildFile; fileRef = 47B0D2122936B31400FB6792 /* crewApp.swift */; };
		47B0D2172936B31500FB6792 /* Assets.xcassets in Resources */ = {isa = PBXBuildFile; fileRef = 47B0D2162936B31500FB6792 /* Assets.xcassets */; };
		47B0D21A2936B31500FB6792 /* Preview Assets.xcassets in Resources */ = {isa = PBXBuildFile; fileRef = 47B0D2192936B31500FB6792 /* Preview Assets.xcassets */; };
		47B0D2242936B31600FB6792 /* crewTests.swift in Sources */ = {isa = PBXBuildFile; fileRef = 47B0D2232936B31600FB6792 /* crewTests.swift */; };
		47B0D22E2936B31600FB6792 /* crewUITests.swift in Sources */ = {isa = PBXBuildFile; fileRef = 47B0D22D2936B31600FB6792 /* crewUITests.swift */; };
		47B0D2302936B31600FB6792 /* crewUITestsLaunchTests.swift in Sources */ = {isa = PBXBuildFile; fileRef = 47B0D22F2936B31600FB6792 /* crewUITestsLaunchTests.swift */; };
		47B0D23E29370F4600FB6792 /* WelcomeView.swift in Sources */ = {isa = PBXBuildFile; fileRef = 47B0D23D29370F4600FB6792 /* WelcomeView.swift */; };
		47B0D24129371D7800FB6792 /* NorthernLights.swift in Sources */ = {isa = PBXBuildFile; fileRef = 47B0D24029371D7800FB6792 /* NorthernLights.swift */; };
		47B0D2432937259C00FB6792 /* CrewLogo.swift in Sources */ = {isa = PBXBuildFile; fileRef = 47B0D2422937259C00FB6792 /* CrewLogo.swift */; };
		47C8AFBD2938745000A00A63 /* PhoneNumberView.swift in Sources */ = {isa = PBXBuildFile; fileRef = 47C8AFBC2938745000A00A63 /* PhoneNumberView.swift */; };
		47C8AFC129388CF800A00A63 /* SFSafariViewWrapper.swift in Sources */ = {isa = PBXBuildFile; fileRef = 47C8AFC029388CF800A00A63 /* SFSafariViewWrapper.swift */; };
		47C8AFC329388E1600A00A63 /* Constants.swift in Sources */ = {isa = PBXBuildFile; fileRef = 47C8AFC229388E1600A00A63 /* Constants.swift */; };
		47C8AFC529389ADE00A00A63 /* Styles.swift in Sources */ = {isa = PBXBuildFile; fileRef = 47C8AFC429389ADE00A00A63 /* Styles.swift */; };
		47C8AFC729393B7200A00A63 /* PhoneVerificationView.swift in Sources */ = {isa = PBXBuildFile; fileRef = 47C8AFC629393B7200A00A63 /* PhoneVerificationView.swift */; };
		47C8AFCA29393FC700A00A63 /* RegisterViewModel.swift in Sources */ = {isa = PBXBuildFile; fileRef = 47C8AFC929393FC700A00A63 /* RegisterViewModel.swift */; };
		47C8AFCC293B157E00A00A63 /* TempUserView.swift in Sources */ = {isa = PBXBuildFile; fileRef = 47C8AFCB293B157E00A00A63 /* TempUserView.swift */; };
		47C8AFCE293C417C00A00A63 /* Config.plist in Resources */ = {isa = PBXBuildFile; fileRef = 47C8AFCD293C417C00A00A63 /* Config.plist */; };
		47C8AFD0293C422B00A00A63 /* VerifyAPI.swift in Sources */ = {isa = PBXBuildFile; fileRef = 47C8AFCF293C422B00A00A63 /* VerifyAPI.swift */; };
/* End PBXBuildFile section */

/* Begin PBXContainerItemProxy section */
		47B0D2202936B31600FB6792 /* PBXContainerItemProxy */ = {
			isa = PBXContainerItemProxy;
			containerPortal = 47B0D2072936B31400FB6792 /* Project object */;
			proxyType = 1;
			remoteGlobalIDString = 47B0D20E2936B31400FB6792;
			remoteInfo = crew;
		};
		47B0D22A2936B31600FB6792 /* PBXContainerItemProxy */ = {
			isa = PBXContainerItemProxy;
			containerPortal = 47B0D2072936B31400FB6792 /* Project object */;
			proxyType = 1;
			remoteGlobalIDString = 47B0D20E2936B31400FB6792;
			remoteInfo = crew;
		};
/* End PBXContainerItemProxy section */

/* Begin PBXFileReference section */
		470CFA92293E8BE500B2E388 /* ContentView.swift */ = {isa = PBXFileReference; lastKnownFileType = sourcecode.swift; path = ContentView.swift; sourceTree = "<group>"; };
		470CFA94293E91A900B2E388 /* AgeView.swift */ = {isa = PBXFileReference; lastKnownFileType = sourcecode.swift; path = AgeView.swift; sourceTree = "<group>"; };
		470CFA96293EB29F00B2E388 /* UsernameView.swift */ = {isa = PBXFileReference; lastKnownFileType = sourcecode.swift; path = UsernameView.swift; sourceTree = "<group>"; };
		4739A3BD293F02FC00284A7A /* ChooseProfileView.swift */ = {isa = PBXFileReference; lastKnownFileType = sourcecode.swift; path = ChooseProfileView.swift; sourceTree = "<group>"; };
		4739A3C0293F05C300284A7A /* SceneDelegate.swift */ = {isa = PBXFileReference; lastKnownFileType = sourcecode.swift; path = SceneDelegate.swift; sourceTree = "<group>"; };
		4739A3C2293F05E800284A7A /* ShareActivityView.swift */ = {isa = PBXFileReference; lastKnownFileType = sourcecode.swift; path = ShareActivityView.swift; sourceTree = "<group>"; };
		4739A3C4293F060500284A7A /* ImagePickerView.swift */ = {isa = PBXFileReference; lastKnownFileType = sourcecode.swift; path = ImagePickerView.swift; sourceTree = "<group>"; };
		4739A3C6293F063500284A7A /* ImageCropView.swift */ = {isa = PBXFileReference; lastKnownFileType = sourcecode.swift; path = ImageCropView.swift; sourceTree = "<group>"; };
		4739A3CD293F06A500284A7A /* EmailView.swift */ = {isa = PBXFileReference; lastKnownFileType = sourcecode.swift; path = EmailView.swift; sourceTree = "<group>"; };
		4739A3CF293FC20900284A7A /* ChooseUniversityView.swift */ = {isa = PBXFileReference; lastKnownFileType = sourcecode.swift; path = ChooseUniversityView.swift; sourceTree = "<group>"; };
		4749E858293DAAE100252E0A /* NameView.swift */ = {isa = PBXFileReference; lastKnownFileType = sourcecode.swift; path = NameView.swift; sourceTree = "<group>"; };
		47B0D20F2936B31400FB6792 /* crew.app */ = {isa = PBXFileReference; explicitFileType = wrapper.application; includeInIndex = 0; path = crew.app; sourceTree = BUILT_PRODUCTS_DIR; };
		47B0D2122936B31400FB6792 /* crewApp.swift */ = {isa = PBXFileReference; lastKnownFileType = sourcecode.swift; path = crewApp.swift; sourceTree = "<group>"; };
		47B0D2162936B31500FB6792 /* Assets.xcassets */ = {isa = PBXFileReference; lastKnownFileType = folder.assetcatalog; path = Assets.xcassets; sourceTree = "<group>"; };
		47B0D2192936B31500FB6792 /* Preview Assets.xcassets */ = {isa = PBXFileReference; lastKnownFileType = folder.assetcatalog; path = "Preview Assets.xcassets"; sourceTree = "<group>"; };
		47B0D21F2936B31600FB6792 /* crewTests.xctest */ = {isa = PBXFileReference; explicitFileType = wrapper.cfbundle; includeInIndex = 0; path = crewTests.xctest; sourceTree = BUILT_PRODUCTS_DIR; };
		47B0D2232936B31600FB6792 /* crewTests.swift */ = {isa = PBXFileReference; lastKnownFileType = sourcecode.swift; path = crewTests.swift; sourceTree = "<group>"; };
		47B0D2292936B31600FB6792 /* crewUITests.xctest */ = {isa = PBXFileReference; explicitFileType = wrapper.cfbundle; includeInIndex = 0; path = crewUITests.xctest; sourceTree = BUILT_PRODUCTS_DIR; };
		47B0D22D2936B31600FB6792 /* crewUITests.swift */ = {isa = PBXFileReference; lastKnownFileType = sourcecode.swift; path = crewUITests.swift; sourceTree = "<group>"; };
		47B0D22F2936B31600FB6792 /* crewUITestsLaunchTests.swift */ = {isa = PBXFileReference; lastKnownFileType = sourcecode.swift; path = crewUITestsLaunchTests.swift; sourceTree = "<group>"; };
		47B0D23D29370F4600FB6792 /* WelcomeView.swift */ = {isa = PBXFileReference; lastKnownFileType = sourcecode.swift; path = WelcomeView.swift; sourceTree = "<group>"; };
		47B0D24029371D7800FB6792 /* NorthernLights.swift */ = {isa = PBXFileReference; lastKnownFileType = sourcecode.swift; path = NorthernLights.swift; sourceTree = "<group>"; };
		47B0D2422937259C00FB6792 /* CrewLogo.swift */ = {isa = PBXFileReference; lastKnownFileType = sourcecode.swift; path = CrewLogo.swift; sourceTree = "<group>"; };
		47C8AFBC2938745000A00A63 /* PhoneNumberView.swift */ = {isa = PBXFileReference; lastKnownFileType = sourcecode.swift; path = PhoneNumberView.swift; sourceTree = "<group>"; };
		47C8AFC029388CF800A00A63 /* SFSafariViewWrapper.swift */ = {isa = PBXFileReference; lastKnownFileType = sourcecode.swift; path = SFSafariViewWrapper.swift; sourceTree = "<group>"; };
		47C8AFC229388E1600A00A63 /* Constants.swift */ = {isa = PBXFileReference; lastKnownFileType = sourcecode.swift; path = Constants.swift; sourceTree = "<group>"; };
		47C8AFC429389ADE00A00A63 /* Styles.swift */ = {isa = PBXFileReference; lastKnownFileType = sourcecode.swift; path = Styles.swift; sourceTree = "<group>"; };
		47C8AFC629393B7200A00A63 /* PhoneVerificationView.swift */ = {isa = PBXFileReference; lastKnownFileType = sourcecode.swift; path = PhoneVerificationView.swift; sourceTree = "<group>"; };
		47C8AFC929393FC700A00A63 /* RegisterViewModel.swift */ = {isa = PBXFileReference; lastKnownFileType = sourcecode.swift; path = RegisterViewModel.swift; sourceTree = "<group>"; };
		47C8AFCB293B157E00A00A63 /* TempUserView.swift */ = {isa = PBXFileReference; lastKnownFileType = sourcecode.swift; path = TempUserView.swift; sourceTree = "<group>"; };
		47C8AFCD293C417C00A00A63 /* Config.plist */ = {isa = PBXFileReference; lastKnownFileType = text.plist.xml; path = Config.plist; sourceTree = "<group>"; };
		47C8AFCF293C422B00A00A63 /* VerifyAPI.swift */ = {isa = PBXFileReference; lastKnownFileType = sourcecode.swift; path = VerifyAPI.swift; sourceTree = "<group>"; };
/* End PBXFileReference section */

/* Begin PBXFrameworksBuildPhase section */
		47B0D20C2936B31400FB6792 /* Frameworks */ = {
			isa = PBXFrameworksBuildPhase;
			buildActionMask = 2147483647;
			files = (
				4739A3CC293F069400284A7A /* TOCropViewController in Frameworks */,
				4739A3CA293F069400284A7A /* CropViewController in Frameworks */,
			);
			runOnlyForDeploymentPostprocessing = 0;
		};
		47B0D21C2936B31600FB6792 /* Frameworks */ = {
			isa = PBXFrameworksBuildPhase;
			buildActionMask = 2147483647;
			files = (
			);
			runOnlyForDeploymentPostprocessing = 0;
		};
		47B0D2262936B31600FB6792 /* Frameworks */ = {
			isa = PBXFrameworksBuildPhase;
			buildActionMask = 2147483647;
			files = (
			);
			runOnlyForDeploymentPostprocessing = 0;
		};
/* End PBXFrameworksBuildPhase section */

/* Begin PBXGroup section */
		4739A3BF293F05A100284A7A /* ImageCropService */ = {
			isa = PBXGroup;
			children = (
				4739A3C0293F05C300284A7A /* SceneDelegate.swift */,
				4739A3C2293F05E800284A7A /* ShareActivityView.swift */,
				4739A3C4293F060500284A7A /* ImagePickerView.swift */,
				4739A3C6293F063500284A7A /* ImageCropView.swift */,
			);
			path = ImageCropService;
			sourceTree = "<group>";
		};
		47B0D2062936B31400FB6792 = {
			isa = PBXGroup;
			children = (
				47B0D2112936B31400FB6792 /* crew */,
				47B0D2162936B31500FB6792 /* Assets.xcassets */,
				47B0D2222936B31600FB6792 /* crewTests */,
				47B0D22C2936B31600FB6792 /* crewUITests */,
				47B0D2102936B31400FB6792 /* Products */,
			);
			sourceTree = "<group>";
		};
		47B0D2102936B31400FB6792 /* Products */ = {
			isa = PBXGroup;
			children = (
				47B0D20F2936B31400FB6792 /* crew.app */,
				47B0D21F2936B31600FB6792 /* crewTests.xctest */,
				47B0D2292936B31600FB6792 /* crewUITests.xctest */,
			);
			name = Products;
			sourceTree = "<group>";
		};
		47B0D2112936B31400FB6792 /* crew */ = {
			isa = PBXGroup;
			children = (
				47C8AFCD293C417C00A00A63 /* Config.plist */,
				47B0D2122936B31400FB6792 /* crewApp.swift */,
				47C8AFC829393F7200A00A63 /* ViewModels */,
				47B0D23C29370EE400FB6792 /* Views */,
				47B0D23F29371B5400FB6792 /* Components */,
				47C8AFBF29388C5C00A00A63 /* Services */,
				47B0D2182936B31500FB6792 /* Preview Content */,
			);
			path = crew;
			sourceTree = "<group>";
		};
		47B0D2182936B31500FB6792 /* Preview Content */ = {
			isa = PBXGroup;
			children = (
				47B0D2192936B31500FB6792 /* Preview Assets.xcassets */,
			);
			path = "Preview Content";
			sourceTree = "<group>";
		};
		47B0D2222936B31600FB6792 /* crewTests */ = {
			isa = PBXGroup;
			children = (
				47B0D2232936B31600FB6792 /* crewTests.swift */,
			);
			path = crewTests;
			sourceTree = "<group>";
		};
		47B0D22C2936B31600FB6792 /* crewUITests */ = {
			isa = PBXGroup;
			children = (
				47B0D22D2936B31600FB6792 /* crewUITests.swift */,
				47B0D22F2936B31600FB6792 /* crewUITestsLaunchTests.swift */,
			);
			path = crewUITests;
			sourceTree = "<group>";
		};
		47B0D23C29370EE400FB6792 /* Views */ = {
			isa = PBXGroup;
			children = (
				470CFA92293E8BE500B2E388 /* ContentView.swift */,
				47B0D23D29370F4600FB6792 /* WelcomeView.swift */,
				47C8AFBC2938745000A00A63 /* PhoneNumberView.swift */,
				47C8AFC629393B7200A00A63 /* PhoneVerificationView.swift */,
				4749E858293DAAE100252E0A /* NameView.swift */,
				470CFA94293E91A900B2E388 /* AgeView.swift */,
				470CFA96293EB29F00B2E388 /* UsernameView.swift */,
				4739A3BD293F02FC00284A7A /* ChooseProfileView.swift */,
				4739A3CD293F06A500284A7A /* EmailView.swift */,
				4739A3CF293FC20900284A7A /* ChooseUniversityView.swift */,
				47C8AFCB293B157E00A00A63 /* TempUserView.swift */,
			);
			path = Views;
			sourceTree = "<group>";
		};
		47B0D23F29371B5400FB6792 /* Components */ = {
			isa = PBXGroup;
			children = (
				47B0D24029371D7800FB6792 /* NorthernLights.swift */,
				47B0D2422937259C00FB6792 /* CrewLogo.swift */,
				47C8AFC229388E1600A00A63 /* Constants.swift */,
				47C8AFC429389ADE00A00A63 /* Styles.swift */,
			);
			path = Components;
			sourceTree = "<group>";
		};
		47C8AFBF29388C5C00A00A63 /* Services */ = {
			isa = PBXGroup;
			children = (
				47C8AFC029388CF800A00A63 /* SFSafariViewWrapper.swift */,
				47C8AFCF293C422B00A00A63 /* VerifyAPI.swift */,
				4739A3BF293F05A100284A7A /* ImageCropService */,
			);
			path = Services;
			sourceTree = "<group>";
		};
		47C8AFC829393F7200A00A63 /* ViewModels */ = {
			isa = PBXGroup;
			children = (
				47C8AFC929393FC700A00A63 /* RegisterViewModel.swift */,
			);
			path = ViewModels;
			sourceTree = "<group>";
		};
/* End PBXGroup section */

/* Begin PBXNativeTarget section */
		47B0D20E2936B31400FB6792 /* crew */ = {
			isa = PBXNativeTarget;
			buildConfigurationList = 47B0D2332936B31600FB6792 /* Build configuration list for PBXNativeTarget "crew" */;
			buildPhases = (
				47B0D20B2936B31400FB6792 /* Sources */,
				47B0D20C2936B31400FB6792 /* Frameworks */,
				47B0D20D2936B31400FB6792 /* Resources */,
			);
			buildRules = (
			);
			dependencies = (
			);
			name = crew;
			packageProductDependencies = (
				4739A3C9293F069400284A7A /* CropViewController */,
				4739A3CB293F069400284A7A /* TOCropViewController */,
			);
			productName = crew;
			productReference = 47B0D20F2936B31400FB6792 /* crew.app */;
			productType = "com.apple.product-type.application";
		};
		47B0D21E2936B31600FB6792 /* crewTests */ = {
			isa = PBXNativeTarget;
			buildConfigurationList = 47B0D2362936B31600FB6792 /* Build configuration list for PBXNativeTarget "crewTests" */;
			buildPhases = (
				47B0D21B2936B31600FB6792 /* Sources */,
				47B0D21C2936B31600FB6792 /* Frameworks */,
				47B0D21D2936B31600FB6792 /* Resources */,
			);
			buildRules = (
			);
			dependencies = (
				47B0D2212936B31600FB6792 /* PBXTargetDependency */,
			);
			name = crewTests;
			productName = crewTests;
			productReference = 47B0D21F2936B31600FB6792 /* crewTests.xctest */;
			productType = "com.apple.product-type.bundle.unit-test";
		};
		47B0D2282936B31600FB6792 /* crewUITests */ = {
			isa = PBXNativeTarget;
			buildConfigurationList = 47B0D2392936B31600FB6792 /* Build configuration list for PBXNativeTarget "crewUITests" */;
			buildPhases = (
				47B0D2252936B31600FB6792 /* Sources */,
				47B0D2262936B31600FB6792 /* Frameworks */,
				47B0D2272936B31600FB6792 /* Resources */,
			);
			buildRules = (
			);
			dependencies = (
				47B0D22B2936B31600FB6792 /* PBXTargetDependency */,
			);
			name = crewUITests;
			productName = crewUITests;
			productReference = 47B0D2292936B31600FB6792 /* crewUITests.xctest */;
			productType = "com.apple.product-type.bundle.ui-testing";
		};
/* End PBXNativeTarget section */

/* Begin PBXProject section */
		47B0D2072936B31400FB6792 /* Project object */ = {
			isa = PBXProject;
			attributes = {
				BuildIndependentTargetsInParallel = 1;
				LastSwiftUpdateCheck = 1410;
				LastUpgradeCheck = 1410;
				TargetAttributes = {
					47B0D20E2936B31400FB6792 = {
						CreatedOnToolsVersion = 14.1;
					};
					47B0D21E2936B31600FB6792 = {
						CreatedOnToolsVersion = 14.1;
						TestTargetID = 47B0D20E2936B31400FB6792;
					};
					47B0D2282936B31600FB6792 = {
						CreatedOnToolsVersion = 14.1;
						TestTargetID = 47B0D20E2936B31400FB6792;
					};
				};
			};
			buildConfigurationList = 47B0D20A2936B31400FB6792 /* Build configuration list for PBXProject "crew" */;
			compatibilityVersion = "Xcode 14.0";
			developmentRegion = en;
			hasScannedForEncodings = 0;
			knownRegions = (
				en,
				Base,
			);
			mainGroup = 47B0D2062936B31400FB6792;
			packageReferences = (
				4739A3C8293F069400284A7A /* XCRemoteSwiftPackageReference "TOCropViewController" */,
			);
			productRefGroup = 47B0D2102936B31400FB6792 /* Products */;
			projectDirPath = "";
			projectRoot = "";
			targets = (
				47B0D20E2936B31400FB6792 /* crew */,
				47B0D21E2936B31600FB6792 /* crewTests */,
				47B0D2282936B31600FB6792 /* crewUITests */,
			);
		};
/* End PBXProject section */

/* Begin PBXResourcesBuildPhase section */
		47B0D20D2936B31400FB6792 /* Resources */ = {
			isa = PBXResourcesBuildPhase;
			buildActionMask = 2147483647;
			files = (
				47B0D21A2936B31500FB6792 /* Preview Assets.xcassets in Resources */,
				47C8AFCE293C417C00A00A63 /* Config.plist in Resources */,
				47B0D2172936B31500FB6792 /* Assets.xcassets in Resources */,
			);
			runOnlyForDeploymentPostprocessing = 0;
		};
		47B0D21D2936B31600FB6792 /* Resources */ = {
			isa = PBXResourcesBuildPhase;
			buildActionMask = 2147483647;
			files = (
			);
			runOnlyForDeploymentPostprocessing = 0;
		};
		47B0D2272936B31600FB6792 /* Resources */ = {
			isa = PBXResourcesBuildPhase;
			buildActionMask = 2147483647;
			files = (
			);
			runOnlyForDeploymentPostprocessing = 0;
		};
/* End PBXResourcesBuildPhase section */

/* Begin PBXSourcesBuildPhase section */
		47B0D20B2936B31400FB6792 /* Sources */ = {
			isa = PBXSourcesBuildPhase;
			buildActionMask = 2147483647;
			files = (
				4739A3BE293F02FC00284A7A /* ChooseProfileView.swift in Sources */,
				47C8AFC529389ADE00A00A63 /* Styles.swift in Sources */,
				47C8AFBD2938745000A00A63 /* PhoneNumberView.swift in Sources */,
				4739A3D0293FC20900284A7A /* ChooseUniversityView.swift in Sources */,
				4739A3CE293F06A500284A7A /* EmailView.swift in Sources */,
				470CFA93293E8BE500B2E388 /* ContentView.swift in Sources */,
				4739A3C5293F060500284A7A /* ImagePickerView.swift in Sources */,
				4739A3C7293F063500284A7A /* ImageCropView.swift in Sources */,
				47C8AFC329388E1600A00A63 /* Constants.swift in Sources */,
				47B0D24129371D7800FB6792 /* NorthernLights.swift in Sources */,
				47C8AFCA29393FC700A00A63 /* RegisterViewModel.swift in Sources */,
				47C8AFC729393B7200A00A63 /* PhoneVerificationView.swift in Sources */,
				47B0D23E29370F4600FB6792 /* WelcomeView.swift in Sources */,
				470CFA97293EB29F00B2E388 /* UsernameView.swift in Sources */,
				47B0D2132936B31400FB6792 /* crewApp.swift in Sources */,
				4739A3C3293F05E800284A7A /* ShareActivityView.swift in Sources */,
				4739A3C1293F05C300284A7A /* SceneDelegate.swift in Sources */,
				4749E859293DAAE100252E0A /* NameView.swift in Sources */,
				47C8AFD0293C422B00A00A63 /* VerifyAPI.swift in Sources */,
				470CFA95293E91A900B2E388 /* AgeView.swift in Sources */,
				47C8AFCC293B157E00A00A63 /* TempUserView.swift in Sources */,
				47B0D2432937259C00FB6792 /* CrewLogo.swift in Sources */,
				47C8AFC129388CF800A00A63 /* SFSafariViewWrapper.swift in Sources */,
			);
			runOnlyForDeploymentPostprocessing = 0;
		};
		47B0D21B2936B31600FB6792 /* Sources */ = {
			isa = PBXSourcesBuildPhase;
			buildActionMask = 2147483647;
			files = (
				47B0D2242936B31600FB6792 /* crewTests.swift in Sources */,
			);
			runOnlyForDeploymentPostprocessing = 0;
		};
		47B0D2252936B31600FB6792 /* Sources */ = {
			isa = PBXSourcesBuildPhase;
			buildActionMask = 2147483647;
			files = (
				47B0D22E2936B31600FB6792 /* crewUITests.swift in Sources */,
				47B0D2302936B31600FB6792 /* crewUITestsLaunchTests.swift in Sources */,
			);
			runOnlyForDeploymentPostprocessing = 0;
		};
/* End PBXSourcesBuildPhase section */

/* Begin PBXTargetDependency section */
		47B0D2212936B31600FB6792 /* PBXTargetDependency */ = {
			isa = PBXTargetDependency;
			target = 47B0D20E2936B31400FB6792 /* crew */;
			targetProxy = 47B0D2202936B31600FB6792 /* PBXContainerItemProxy */;
		};
		47B0D22B2936B31600FB6792 /* PBXTargetDependency */ = {
			isa = PBXTargetDependency;
			target = 47B0D20E2936B31400FB6792 /* crew */;
			targetProxy = 47B0D22A2936B31600FB6792 /* PBXContainerItemProxy */;
		};
/* End PBXTargetDependency section */

/* Begin XCBuildConfiguration section */
		47B0D2312936B31600FB6792 /* Debug */ = {
			isa = XCBuildConfiguration;
			buildSettings = {
				ALWAYS_SEARCH_USER_PATHS = NO;
				CLANG_ANALYZER_NONNULL = YES;
				CLANG_ANALYZER_NUMBER_OBJECT_CONVERSION = YES_AGGRESSIVE;
				CLANG_CXX_LANGUAGE_STANDARD = "gnu++20";
				CLANG_ENABLE_MODULES = YES;
				CLANG_ENABLE_OBJC_ARC = YES;
				CLANG_ENABLE_OBJC_WEAK = YES;
				CLANG_WARN_BLOCK_CAPTURE_AUTORELEASING = YES;
				CLANG_WARN_BOOL_CONVERSION = YES;
				CLANG_WARN_COMMA = YES;
				CLANG_WARN_CONSTANT_CONVERSION = YES;
				CLANG_WARN_DEPRECATED_OBJC_IMPLEMENTATIONS = YES;
				CLANG_WARN_DIRECT_OBJC_ISA_USAGE = YES_ERROR;
				CLANG_WARN_DOCUMENTATION_COMMENTS = YES;
				CLANG_WARN_EMPTY_BODY = YES;
				CLANG_WARN_ENUM_CONVERSION = YES;
				CLANG_WARN_INFINITE_RECURSION = YES;
				CLANG_WARN_INT_CONVERSION = YES;
				CLANG_WARN_NON_LITERAL_NULL_CONVERSION = YES;
				CLANG_WARN_OBJC_IMPLICIT_RETAIN_SELF = YES;
				CLANG_WARN_OBJC_LITERAL_CONVERSION = YES;
				CLANG_WARN_OBJC_ROOT_CLASS = YES_ERROR;
				CLANG_WARN_QUOTED_INCLUDE_IN_FRAMEWORK_HEADER = YES;
				CLANG_WARN_RANGE_LOOP_ANALYSIS = YES;
				CLANG_WARN_STRICT_PROTOTYPES = YES;
				CLANG_WARN_SUSPICIOUS_MOVE = YES;
				CLANG_WARN_UNGUARDED_AVAILABILITY = YES_AGGRESSIVE;
				CLANG_WARN_UNREACHABLE_CODE = YES;
				CLANG_WARN__DUPLICATE_METHOD_MATCH = YES;
				COPY_PHASE_STRIP = NO;
				DEBUG_INFORMATION_FORMAT = dwarf;
				ENABLE_STRICT_OBJC_MSGSEND = YES;
				ENABLE_TESTABILITY = YES;
				GCC_C_LANGUAGE_STANDARD = gnu11;
				GCC_DYNAMIC_NO_PIC = NO;
				GCC_NO_COMMON_BLOCKS = YES;
				GCC_OPTIMIZATION_LEVEL = 0;
				GCC_PREPROCESSOR_DEFINITIONS = (
					"DEBUG=1",
					"$(inherited)",
				);
				GCC_WARN_64_TO_32_BIT_CONVERSION = YES;
				GCC_WARN_ABOUT_RETURN_TYPE = YES_ERROR;
				GCC_WARN_UNDECLARED_SELECTOR = YES;
				GCC_WARN_UNINITIALIZED_AUTOS = YES_AGGRESSIVE;
				GCC_WARN_UNUSED_FUNCTION = YES;
				GCC_WARN_UNUSED_VARIABLE = YES;
				IPHONEOS_DEPLOYMENT_TARGET = 16.1;
				MTL_ENABLE_DEBUG_INFO = INCLUDE_SOURCE;
				MTL_FAST_MATH = YES;
				ONLY_ACTIVE_ARCH = YES;
				SDKROOT = iphoneos;
				SWIFT_ACTIVE_COMPILATION_CONDITIONS = DEBUG;
				SWIFT_OPTIMIZATION_LEVEL = "-Onone";
			};
			name = Debug;
		};
		47B0D2322936B31600FB6792 /* Release */ = {
			isa = XCBuildConfiguration;
			buildSettings = {
				ALWAYS_SEARCH_USER_PATHS = NO;
				CLANG_ANALYZER_NONNULL = YES;
				CLANG_ANALYZER_NUMBER_OBJECT_CONVERSION = YES_AGGRESSIVE;
				CLANG_CXX_LANGUAGE_STANDARD = "gnu++20";
				CLANG_ENABLE_MODULES = YES;
				CLANG_ENABLE_OBJC_ARC = YES;
				CLANG_ENABLE_OBJC_WEAK = YES;
				CLANG_WARN_BLOCK_CAPTURE_AUTORELEASING = YES;
				CLANG_WARN_BOOL_CONVERSION = YES;
				CLANG_WARN_COMMA = YES;
				CLANG_WARN_CONSTANT_CONVERSION = YES;
				CLANG_WARN_DEPRECATED_OBJC_IMPLEMENTATIONS = YES;
				CLANG_WARN_DIRECT_OBJC_ISA_USAGE = YES_ERROR;
				CLANG_WARN_DOCUMENTATION_COMMENTS = YES;
				CLANG_WARN_EMPTY_BODY = YES;
				CLANG_WARN_ENUM_CONVERSION = YES;
				CLANG_WARN_INFINITE_RECURSION = YES;
				CLANG_WARN_INT_CONVERSION = YES;
				CLANG_WARN_NON_LITERAL_NULL_CONVERSION = YES;
				CLANG_WARN_OBJC_IMPLICIT_RETAIN_SELF = YES;
				CLANG_WARN_OBJC_LITERAL_CONVERSION = YES;
				CLANG_WARN_OBJC_ROOT_CLASS = YES_ERROR;
				CLANG_WARN_QUOTED_INCLUDE_IN_FRAMEWORK_HEADER = YES;
				CLANG_WARN_RANGE_LOOP_ANALYSIS = YES;
				CLANG_WARN_STRICT_PROTOTYPES = YES;
				CLANG_WARN_SUSPICIOUS_MOVE = YES;
				CLANG_WARN_UNGUARDED_AVAILABILITY = YES_AGGRESSIVE;
				CLANG_WARN_UNREACHABLE_CODE = YES;
				CLANG_WARN__DUPLICATE_METHOD_MATCH = YES;
				COPY_PHASE_STRIP = NO;
				DEBUG_INFORMATION_FORMAT = "dwarf-with-dsym";
				ENABLE_NS_ASSERTIONS = NO;
				ENABLE_STRICT_OBJC_MSGSEND = YES;
				GCC_C_LANGUAGE_STANDARD = gnu11;
				GCC_NO_COMMON_BLOCKS = YES;
				GCC_WARN_64_TO_32_BIT_CONVERSION = YES;
				GCC_WARN_ABOUT_RETURN_TYPE = YES_ERROR;
				GCC_WARN_UNDECLARED_SELECTOR = YES;
				GCC_WARN_UNINITIALIZED_AUTOS = YES_AGGRESSIVE;
				GCC_WARN_UNUSED_FUNCTION = YES;
				GCC_WARN_UNUSED_VARIABLE = YES;
				IPHONEOS_DEPLOYMENT_TARGET = 16.1;
				MTL_ENABLE_DEBUG_INFO = NO;
				MTL_FAST_MATH = YES;
				SDKROOT = iphoneos;
				SWIFT_COMPILATION_MODE = wholemodule;
				SWIFT_OPTIMIZATION_LEVEL = "-O";
				VALIDATE_PRODUCT = YES;
			};
			name = Release;
		};
		47B0D2342936B31600FB6792 /* Debug */ = {
			isa = XCBuildConfiguration;
			buildSettings = {
				ASSETCATALOG_COMPILER_APPICON_NAME = AppIcon;
				ASSETCATALOG_COMPILER_GLOBAL_ACCENT_COLOR_NAME = AccentColor;
				CODE_SIGN_STYLE = Automatic;
				CURRENT_PROJECT_VERSION = 1;
				DEVELOPMENT_ASSET_PATHS = "\"crew/Preview Content\"";
				DEVELOPMENT_TEAM = F5RPA3RS45;
				ENABLE_PREVIEWS = YES;
				GENERATE_INFOPLIST_FILE = YES;
				INFOPLIST_KEY_UIApplicationSceneManifest_Generation = YES;
				INFOPLIST_KEY_UIApplicationSupportsIndirectInputEvents = YES;
				INFOPLIST_KEY_UILaunchScreen_Generation = YES;
				INFOPLIST_KEY_UISupportedInterfaceOrientations = UIInterfaceOrientationPortrait;
				INFOPLIST_KEY_UISupportedInterfaceOrientations_iPad = "UIInterfaceOrientationLandscapeLeft UIInterfaceOrientationLandscapeRight UIInterfaceOrientationPortrait UIInterfaceOrientationPortraitUpsideDown";
				IPHONEOS_DEPLOYMENT_TARGET = 15.0;
				LD_RUNPATH_SEARCH_PATHS = (
					"$(inherited)",
					"@executable_path/Frameworks",
				);
				MARKETING_VERSION = 1.0;
				PRODUCT_BUNDLE_IDENTIFIER = Maayon.crew;
				PRODUCT_NAME = "$(TARGET_NAME)";
				SUPPORTED_PLATFORMS = "iphoneos iphonesimulator";
				SUPPORTS_MACCATALYST = NO;
				SUPPORTS_MAC_DESIGNED_FOR_IPHONE_IPAD = NO;
				SWIFT_EMIT_LOC_STRINGS = YES;
				SWIFT_VERSION = 5.0;
				TARGETED_DEVICE_FAMILY = 1;
			};
			name = Debug;
		};
		47B0D2352936B31600FB6792 /* Release */ = {
			isa = XCBuildConfiguration;
			buildSettings = {
				ASSETCATALOG_COMPILER_APPICON_NAME = AppIcon;
				ASSETCATALOG_COMPILER_GLOBAL_ACCENT_COLOR_NAME = AccentColor;
				CODE_SIGN_STYLE = Automatic;
				CURRENT_PROJECT_VERSION = 1;
				DEVELOPMENT_ASSET_PATHS = "\"crew/Preview Content\"";
				DEVELOPMENT_TEAM = F5RPA3RS45;
				ENABLE_PREVIEWS = YES;
				GENERATE_INFOPLIST_FILE = YES;
				INFOPLIST_KEY_UIApplicationSceneManifest_Generation = YES;
				INFOPLIST_KEY_UIApplicationSupportsIndirectInputEvents = YES;
				INFOPLIST_KEY_UILaunchScreen_Generation = YES;
				INFOPLIST_KEY_UISupportedInterfaceOrientations = UIInterfaceOrientationPortrait;
				INFOPLIST_KEY_UISupportedInterfaceOrientations_iPad = "UIInterfaceOrientationLandscapeLeft UIInterfaceOrientationLandscapeRight UIInterfaceOrientationPortrait UIInterfaceOrientationPortraitUpsideDown";
				IPHONEOS_DEPLOYMENT_TARGET = 15.0;
				LD_RUNPATH_SEARCH_PATHS = (
					"$(inherited)",
					"@executable_path/Frameworks",
				);
				MARKETING_VERSION = 1.0;
				PRODUCT_BUNDLE_IDENTIFIER = Maayon.crew;
				PRODUCT_NAME = "$(TARGET_NAME)";
				SUPPORTED_PLATFORMS = "iphoneos iphonesimulator";
				SUPPORTS_MACCATALYST = NO;
				SUPPORTS_MAC_DESIGNED_FOR_IPHONE_IPAD = NO;
				SWIFT_EMIT_LOC_STRINGS = YES;
				SWIFT_VERSION = 5.0;
				TARGETED_DEVICE_FAMILY = 1;
			};
			name = Release;
		};
		47B0D2372936B31600FB6792 /* Debug */ = {
			isa = XCBuildConfiguration;
			buildSettings = {
				ALWAYS_EMBED_SWIFT_STANDARD_LIBRARIES = YES;
				BUNDLE_LOADER = "$(TEST_HOST)";
				CODE_SIGN_STYLE = Automatic;
				CURRENT_PROJECT_VERSION = 1;
				DEVELOPMENT_TEAM = F5RPA3RS45;
				GENERATE_INFOPLIST_FILE = YES;
				IPHONEOS_DEPLOYMENT_TARGET = 16.1;
				MARKETING_VERSION = 1.0;
				PRODUCT_BUNDLE_IDENTIFIER = Maayon.crewTests;
				PRODUCT_NAME = "$(TARGET_NAME)";
				SWIFT_EMIT_LOC_STRINGS = NO;
				SWIFT_VERSION = 5.0;
				TARGETED_DEVICE_FAMILY = "1,2";
				TEST_HOST = "$(BUILT_PRODUCTS_DIR)/crew.app/$(BUNDLE_EXECUTABLE_FOLDER_PATH)/crew";
			};
			name = Debug;
		};
		47B0D2382936B31600FB6792 /* Release */ = {
			isa = XCBuildConfiguration;
			buildSettings = {
				ALWAYS_EMBED_SWIFT_STANDARD_LIBRARIES = YES;
				BUNDLE_LOADER = "$(TEST_HOST)";
				CODE_SIGN_STYLE = Automatic;
				CURRENT_PROJECT_VERSION = 1;
				DEVELOPMENT_TEAM = F5RPA3RS45;
				GENERATE_INFOPLIST_FILE = YES;
				IPHONEOS_DEPLOYMENT_TARGET = 16.1;
				MARKETING_VERSION = 1.0;
				PRODUCT_BUNDLE_IDENTIFIER = Maayon.crewTests;
				PRODUCT_NAME = "$(TARGET_NAME)";
				SWIFT_EMIT_LOC_STRINGS = NO;
				SWIFT_VERSION = 5.0;
				TARGETED_DEVICE_FAMILY = "1,2";
				TEST_HOST = "$(BUILT_PRODUCTS_DIR)/crew.app/$(BUNDLE_EXECUTABLE_FOLDER_PATH)/crew";
			};
			name = Release;
		};
		47B0D23A2936B31600FB6792 /* Debug */ = {
			isa = XCBuildConfiguration;
			buildSettings = {
				ALWAYS_EMBED_SWIFT_STANDARD_LIBRARIES = YES;
				CODE_SIGN_STYLE = Automatic;
				CURRENT_PROJECT_VERSION = 1;
				DEVELOPMENT_TEAM = F5RPA3RS45;
				GENERATE_INFOPLIST_FILE = YES;
				MARKETING_VERSION = 1.0;
				PRODUCT_BUNDLE_IDENTIFIER = Maayon.crewUITests;
				PRODUCT_NAME = "$(TARGET_NAME)";
				SWIFT_EMIT_LOC_STRINGS = NO;
				SWIFT_VERSION = 5.0;
				TARGETED_DEVICE_FAMILY = "1,2";
				TEST_TARGET_NAME = crew;
			};
			name = Debug;
		};
		47B0D23B2936B31600FB6792 /* Release */ = {
			isa = XCBuildConfiguration;
			buildSettings = {
				ALWAYS_EMBED_SWIFT_STANDARD_LIBRARIES = YES;
				CODE_SIGN_STYLE = Automatic;
				CURRENT_PROJECT_VERSION = 1;
				DEVELOPMENT_TEAM = F5RPA3RS45;
				GENERATE_INFOPLIST_FILE = YES;
				MARKETING_VERSION = 1.0;
				PRODUCT_BUNDLE_IDENTIFIER = Maayon.crewUITests;
				PRODUCT_NAME = "$(TARGET_NAME)";
				SWIFT_EMIT_LOC_STRINGS = NO;
				SWIFT_VERSION = 5.0;
				TARGETED_DEVICE_FAMILY = "1,2";
				TEST_TARGET_NAME = crew;
			};
			name = Release;
		};
/* End XCBuildConfiguration section */

/* Begin XCConfigurationList section */
		47B0D20A2936B31400FB6792 /* Build configuration list for PBXProject "crew" */ = {
			isa = XCConfigurationList;
			buildConfigurations = (
				47B0D2312936B31600FB6792 /* Debug */,
				47B0D2322936B31600FB6792 /* Release */,
			);
			defaultConfigurationIsVisible = 0;
			defaultConfigurationName = Release;
		};
		47B0D2332936B31600FB6792 /* Build configuration list for PBXNativeTarget "crew" */ = {
			isa = XCConfigurationList;
			buildConfigurations = (
				47B0D2342936B31600FB6792 /* Debug */,
				47B0D2352936B31600FB6792 /* Release */,
			);
			defaultConfigurationIsVisible = 0;
			defaultConfigurationName = Release;
		};
		47B0D2362936B31600FB6792 /* Build configuration list for PBXNativeTarget "crewTests" */ = {
			isa = XCConfigurationList;
			buildConfigurations = (
				47B0D2372936B31600FB6792 /* Debug */,
				47B0D2382936B31600FB6792 /* Release */,
			);
			defaultConfigurationIsVisible = 0;
			defaultConfigurationName = Release;
		};
		47B0D2392936B31600FB6792 /* Build configuration list for PBXNativeTarget "crewUITests" */ = {
			isa = XCConfigurationList;
			buildConfigurations = (
				47B0D23A2936B31600FB6792 /* Debug */,
				47B0D23B2936B31600FB6792 /* Release */,
			);
			defaultConfigurationIsVisible = 0;
			defaultConfigurationName = Release;
		};
/* End XCConfigurationList section */

/* Begin XCRemoteSwiftPackageReference section */
		4739A3C8293F069400284A7A /* XCRemoteSwiftPackageReference "TOCropViewController" */ = {
			isa = XCRemoteSwiftPackageReference;
			repositoryURL = "https://github.com/TimOliver/TOCropViewController.git";
			requirement = {
				kind = upToNextMajorVersion;
				minimumVersion = 2.0.0;
			};
		};
/* End XCRemoteSwiftPackageReference section */

/* Begin XCSwiftPackageProductDependency section */
		4739A3C9293F069400284A7A /* CropViewController */ = {
			isa = XCSwiftPackageProductDependency;
			package = 4739A3C8293F069400284A7A /* XCRemoteSwiftPackageReference "TOCropViewController" */;
			productName = CropViewController;
		};
		4739A3CB293F069400284A7A /* TOCropViewController */ = {
			isa = XCSwiftPackageProductDependency;
			package = 4739A3C8293F069400284A7A /* XCRemoteSwiftPackageReference "TOCropViewController" */;
			productName = TOCropViewController;
		};
/* End XCSwiftPackageProductDependency section */
	};
	rootObject = 47B0D2072936B31400FB6792 /* Project object */;
}
